
Microsoft Visual Studio Solution File, Format Version 11.00
# Visual Studio 2010
Project("{8BC9CEB8-8B4A-11D0-8D11-00A0C91BC942}") = "task2_server", "task2_server\task2_server.vcxproj", "{D8FE39AF-1788-4E76-B2E1-88CED7AB899B}"
EndProject
Global
	GlobalSection(SolutionConfigurationPlatforms) = preSolution
		Debug|Win32 = Debug|Win32
		Release|Win32 = Release|Win32
	EndGlobalSection
	GlobalSection(ProjectConfigurationPlatforms) = postSolution
		{D8FE39AF-1788-4E76-B2E1-88CED7AB899B}.Debug|Win32.ActiveCfg = Debug|Win32
		{D8FE39AF-1788-4E76-B2E1-88CED7AB899B}.Debug|Win32.Build.0 = Debug|Win32
		{D8FE39AF-1788-4E76-B2E1-88CED7AB899B}.Release|Win32.ActiveCfg = Release|Win32
		{D8FE39AF-1788-4E76-B2E1-88CED7AB899B}.Release|Win32.Build.0 = Release|Win32
	EndGlobalSection
	GlobalSection(SolutionProperties) = preSolution
		HideSolutionNode = FALSE
	EndGlobalSection
EndGlobal
